// !$*UTF8*$!
{
	archiveVersion = 1;
	classes = {
	};
	objectVersion = 50;
	objects = {

/* Begin PBXBuildFile section */
		6542B7CE254706AF001DA02F /* AppDelegate.swift in Sources */ = {isa = PBXBuildFile; fileRef = 6542B7CD254706AF001DA02F /* AppDelegate.swift */; };
		6542B7D0254706AF001DA02F /* SceneDelegate.swift in Sources */ = {isa = PBXBuildFile; fileRef = 6542B7CF254706AF001DA02F /* SceneDelegate.swift */; };
		6542B7D5254706AF001DA02F /* Main.storyboard in Resources */ = {isa = PBXBuildFile; fileRef = 6542B7D3254706AF001DA02F /* Main.storyboard */; };
		6542B7D7254706B2001DA02F /* Assets.xcassets in Resources */ = {isa = PBXBuildFile; fileRef = 6542B7D6254706B2001DA02F /* Assets.xcassets */; };
		6542B7DA254706B2001DA02F /* LaunchScreen.storyboard in Resources */ = {isa = PBXBuildFile; fileRef = 6542B7D8254706B2001DA02F /* LaunchScreen.storyboard */; };
		654BAB69254D55F800D62382 /* TabBarController.swift in Sources */ = {isa = PBXBuildFile; fileRef = 654BAB68254D55F800D62382 /* TabBarController.swift */; };
		654BAB6B254D5A4400D62382 /* GoogleService-Info.plist in Resources */ = {isa = PBXBuildFile; fileRef = 654BAB6A254D5A4400D62382 /* GoogleService-Info.plist */; };
		6560345A25485B4A00EBEF9C /* LoginViewController.swift in Sources */ = {isa = PBXBuildFile; fileRef = 6560345925485B4A00EBEF9C /* LoginViewController.swift */; };
		6560345C25485B7000EBEF9C /* HomeViewController.swift in Sources */ = {isa = PBXBuildFile; fileRef = 6560345B25485B7000EBEF9C /* HomeViewController.swift */; };
		6560345E25485B9500EBEF9C /* ImageSelectViewController.swift in Sources */ = {isa = PBXBuildFile; fileRef = 6560345D25485B9500EBEF9C /* ImageSelectViewController.swift */; };
		6560346025485C1600EBEF9C /* PostViewController.swift in Sources */ = {isa = PBXBuildFile; fileRef = 6560345F25485C1600EBEF9C /* PostViewController.swift */; };
		6560346225485C5700EBEF9C /* SettingViewController.swift in Sources */ = {isa = PBXBuildFile; fileRef = 6560346125485C5700EBEF9C /* SettingViewController.swift */; };
		FE589801D7428C95BBD8878E /* Pods_Instagram.framework in Frameworks */ = {isa = PBXBuildFile; fileRef = 16A7C3FD1E209C329C59938A /* Pods_Instagram.framework */; };
/* End PBXBuildFile section */

/* Begin PBXFileReference section */
		130B8621DB17ECEA8D9580D0 /* Pods-Instagram.debug.xcconfig */ = {isa = PBXFileReference; includeInIndex = 1; lastKnownFileType = text.xcconfig; name = "Pods-Instagram.debug.xcconfig"; path = "Target Support Files/Pods-Instagram/Pods-Instagram.debug.xcconfig"; sourceTree = "<group>"; };
		16A7C3FD1E209C329C59938A /* Pods_Instagram.framework */ = {isa = PBXFileReference; explicitFileType = wrapper.framework; includeInIndex = 0; path = Pods_Instagram.framework; sourceTree = BUILT_PRODUCTS_DIR; };
		6542B7CA254706AF001DA02F /* Instagram.app */ = {isa = PBXFileReference; explicitFileType = wrapper.application; includeInIndex = 0; path = Instagram.app; sourceTree = BUILT_PRODUCTS_DIR; };
		6542B7CD254706AF001DA02F /* AppDelegate.swift */ = {isa = PBXFileReference; lastKnownFileType = sourcecode.swift; path = AppDelegate.swift; sourceTree = "<group>"; };
		6542B7CF254706AF001DA02F /* SceneDelegate.swift */ = {isa = PBXFileReference; lastKnownFileType = sourcecode.swift; path = SceneDelegate.swift; sourceTree = "<group>"; };
		6542B7D4254706AF001DA02F /* Base */ = {isa = PBXFileReference; lastKnownFileType = file.storyboard; name = Base; path = Base.lproj/Main.storyboard; sourceTree = "<group>"; };
		6542B7D6254706B2001DA02F /* Assets.xcassets */ = {isa = PBXFileReference; lastKnownFileType = folder.assetcatalog; path = Assets.xcassets; sourceTree = "<group>"; };
		6542B7D9254706B2001DA02F /* Base */ = {isa = PBXFileReference; lastKnownFileType = file.storyboard; name = Base; path = Base.lproj/LaunchScreen.storyboard; sourceTree = "<group>"; };
		6542B7DB254706B2001DA02F /* Info.plist */ = {isa = PBXFileReference; lastKnownFileType = text.plist.xml; path = Info.plist; sourceTree = "<group>"; };
		654BAB68254D55F800D62382 /* TabBarController.swift */ = {isa = PBXFileReference; lastKnownFileType = sourcecode.swift; path = TabBarController.swift; sourceTree = "<group>"; };
		654BAB6A254D5A4400D62382 /* GoogleService-Info.plist */ = {isa = PBXFileReference; fileEncoding = 4; lastKnownFileType = text.plist.xml; path = "GoogleService-Info.plist"; sourceTree = "<group>"; };
		6560345925485B4A00EBEF9C /* LoginViewController.swift */ = {isa = PBXFileReference; lastKnownFileType = sourcecode.swift; path = LoginViewController.swift; sourceTree = "<group>"; };
		6560345B25485B7000EBEF9C /* HomeViewController.swift */ = {isa = PBXFileReference; lastKnownFileType = sourcecode.swift; path = HomeViewController.swift; sourceTree = "<group>"; };
		6560345D25485B9500EBEF9C /* ImageSelectViewController.swift */ = {isa = PBXFileReference; lastKnownFileType = sourcecode.swift; path = ImageSelectViewController.swift; sourceTree = "<group>"; };
		6560345F25485C1600EBEF9C /* PostViewController.swift */ = {isa = PBXFileReference; lastKnownFileType = sourcecode.swift; path = PostViewController.swift; sourceTree = "<group>"; };
		6560346125485C5700EBEF9C /* SettingViewController.swift */ = {isa = PBXFileReference; lastKnownFileType = sourcecode.swift; path = SettingViewController.swift; sourceTree = "<group>"; };
		FBBE25AF9E1F5A22AC8CA405 /* Pods-Instagram.release.xcconfig */ = {isa = PBXFileReference; includeInIndex = 1; lastKnownFileType = text.xcconfig; name = "Pods-Instagram.release.xcconfig"; path = "Target Support Files/Pods-Instagram/Pods-Instagram.release.xcconfig"; sourceTree = "<group>"; };
/* End PBXFileReference section */

/* Begin PBXFrameworksBuildPhase section */
		6542B7C7254706AF001DA02F /* Frameworks */ = {
			isa = PBXFrameworksBuildPhase;
			buildActionMask = 2147483647;
			files = (
				FE589801D7428C95BBD8878E /* Pods_Instagram.framework in Frameworks */,
			);
			runOnlyForDeploymentPostprocessing = 0;
		};
/* End PBXFrameworksBuildPhase section */

/* Begin PBXGroup section */
		41AEE32B3762D77489C6950E /* Frameworks */ = {
			isa = PBXGroup;
			children = (
				16A7C3FD1E209C329C59938A /* Pods_Instagram.framework */,
			);
			name = Frameworks;
			sourceTree = "<group>";
		};
		6542B7C1254706AF001DA02F = {
			isa = PBXGroup;
			children = (
				6542B7CC254706AF001DA02F /* Instagram */,
				6542B7CB254706AF001DA02F /* Products */,
				A7D9116D4FD555D93C04844C /* Pods */,
				41AEE32B3762D77489C6950E /* Frameworks */,
			);
			sourceTree = "<group>";
		};
		6542B7CB254706AF001DA02F /* Products */ = {
			isa = PBXGroup;
			children = (
				6542B7CA254706AF001DA02F /* Instagram.app */,
			);
			name = Products;
			sourceTree = "<group>";
		};
		6542B7CC254706AF001DA02F /* Instagram */ = {
			isa = PBXGroup;
			children = (
				6542B7CD254706AF001DA02F /* AppDelegate.swift */,
				6542B7CF254706AF001DA02F /* SceneDelegate.swift */,
				6560345D25485B9500EBEF9C /* ImageSelectViewController.swift */,
				6560345925485B4A00EBEF9C /* LoginViewController.swift */,
				6560345B25485B7000EBEF9C /* HomeViewController.swift */,
				6560345F25485C1600EBEF9C /* PostViewController.swift */,
				6560346125485C5700EBEF9C /* SettingViewController.swift */,
				654BAB68254D55F800D62382 /* TabBarController.swift */,
				6542B7D3254706AF001DA02F /* Main.storyboard */,
				6542B7D6254706B2001DA02F /* Assets.xcassets */,
				6542B7D8254706B2001DA02F /* LaunchScreen.storyboard */,
				654BAB6A254D5A4400D62382 /* GoogleService-Info.plist */,
				6542B7DB254706B2001DA02F /* Info.plist */,
			);
			path = Instagram;
			sourceTree = "<group>";
		};
		A7D9116D4FD555D93C04844C /* Pods */ = {
			isa = PBXGroup;
			children = (
				130B8621DB17ECEA8D9580D0 /* Pods-Instagram.debug.xcconfig */,
				FBBE25AF9E1F5A22AC8CA405 /* Pods-Instagram.release.xcconfig */,
			);
			name = Pods;
			path = Pods;
			sourceTree = "<group>";
		};
/* End PBXGroup section */

/* Begin PBXNativeTarget section */
		6542B7C9254706AF001DA02F /* Instagram */ = {
			isa = PBXNativeTarget;
			buildConfigurationList = 6542B7DE254706B2001DA02F /* Build configuration list for PBXNativeTarget "Instagram" */;
			buildPhases = (
				661B99D14686E3062EDB09A9 /* [CP] Check Pods Manifest.lock */,
				6542B7C6254706AF001DA02F /* Sources */,
				6542B7C7254706AF001DA02F /* Frameworks */,
				6542B7C8254706AF001DA02F /* Resources */,
				0F33B8295F54AA2B08B37B81 /* [CP] Embed Pods Frameworks */,
			);
			buildRules = (
			);
			dependencies = (
			);
			name = Instagram;
			productName = Instagram;
			productReference = 6542B7CA254706AF001DA02F /* Instagram.app */;
			productType = "com.apple.product-type.application";
		};
/* End PBXNativeTarget section */

/* Begin PBXProject section */
		6542B7C2254706AF001DA02F /* Project object */ = {
			isa = PBXProject;
			attributes = {
				LastSwiftUpdateCheck = 1150;
				LastUpgradeCheck = 1150;
				ORGANIZATIONNAME = kousuke.makita;
				TargetAttributes = {
					6542B7C9254706AF001DA02F = {
						CreatedOnToolsVersion = 11.5;
					};
				};
			};
			buildConfigurationList = 6542B7C5254706AF001DA02F /* Build configuration list for PBXProject "Instagram" */;
			compatibilityVersion = "Xcode 9.3";
			developmentRegion = en;
			hasScannedForEncodings = 0;
			knownRegions = (
				en,
				Base,
			);
			mainGroup = 6542B7C1254706AF001DA02F;
			productRefGroup = 6542B7CB254706AF001DA02F /* Products */;
			projectDirPath = "";
			projectRoot = "";
			targets = (
				6542B7C9254706AF001DA02F /* Instagram */,
			);
		};
/* End PBXProject section */

/* Begin PBXResourcesBuildPhase section */
		6542B7C8254706AF001DA02F /* Resources */ = {
			isa = PBXResourcesBuildPhase;
			buildActionMask = 2147483647;
			files = (
				6542B7DA254706B2001DA02F /* LaunchScreen.storyboard in Resources */,
				654BAB6B254D5A4400D62382 /* GoogleService-Info.plist in Resources */,
				6542B7D7254706B2001DA02F /* Assets.xcassets in Resources */,
				6542B7D5254706AF001DA02F /* Main.storyboard in Resources */,
			);
			runOnlyForDeploymentPostprocessing = 0;
		};
/* End PBXResourcesBuildPhase section */

/* Begin PBXShellScriptBuildPhase section */
		0F33B8295F54AA2B08B37B81 /* [CP] Embed Pods Frameworks */ = {
			isa = PBXShellScriptBuildPhase;
			buildActionMask = 2147483647;
			files = (
			);
			inputFileListPaths = (
				"${PODS_ROOT}/Target Support Files/Pods-Instagram/Pods-Instagram-frameworks-${CONFIGURATION}-input-files.xcfilelist",
			);
			name = "[CP] Embed Pods Frameworks";
			outputFileListPaths = (
				"${PODS_ROOT}/Target Support Files/Pods-Instagram/Pods-Instagram-frameworks-${CONFIGURATION}-output-files.xcfilelist",
			);
			runOnlyForDeploymentPostprocessing = 0;
			shellPath = /bin/sh;
			shellScript = "\"${PODS_ROOT}/Target Support Files/Pods-Instagram/Pods-Instagram-frameworks.sh\"\n";
			showEnvVarsInLog = 0;
		};
		661B99D14686E3062EDB09A9 /* [CP] Check Pods Manifest.lock */ = {
			isa = PBXShellScriptBuildPhase;
			buildActionMask = 2147483647;
			files = (
			);
			inputFileListPaths = (
			);
			inputPaths = (
				"${PODS_PODFILE_DIR_PATH}/Podfile.lock",
				"${PODS_ROOT}/Manifest.lock",
			);
			name = "[CP] Check Pods Manifest.lock";
			outputFileListPaths = (
			);
			outputPaths = (
				"$(DERIVED_FILE_DIR)/Pods-Instagram-checkManifestLockResult.txt",
			);
			runOnlyForDeploymentPostprocessing = 0;
			shellPath = /bin/sh;
			shellScript = "diff \"${PODS_PODFILE_DIR_PATH}/Podfile.lock\" \"${PODS_ROOT}/Manifest.lock\" > /dev/null\nif [ $? != 0 ] ; then\n    # print error to STDERR\n    echo \"error: The sandbox is not in sync with the Podfile.lock. Run 'pod install' or update your CocoaPods installation.\" >&2\n    exit 1\nfi\n# This output is used by Xcode 'outputs' to avoid re-running this script phase.\necho \"SUCCESS\" > \"${SCRIPT_OUTPUT_FILE_0}\"\n";
			showEnvVarsInLog = 0;
		};
/* End PBXShellScriptBuildPhase section */

/* Begin PBXSourcesBuildPhase section */
		6542B7C6254706AF001DA02F /* Sources */ = {
			isa = PBXSourcesBuildPhase;
			buildActionMask = 2147483647;
			files = (
				6560345E25485B9500EBEF9C /* ImageSelectViewController.swift in Sources */,
				654BAB69254D55F800D62382 /* TabBarController.swift in Sources */,
				6560345C25485B7000EBEF9C /* HomeViewController.swift in Sources */,
				6560346025485C1600EBEF9C /* PostViewController.swift in Sources */,
				6560346225485C5700EBEF9C /* SettingViewController.swift in Sources */,
				6560345A25485B4A00EBEF9C /* LoginViewController.swift in Sources */,
				6542B7CE254706AF001DA02F /* AppDelegate.swift in Sources */,
				6542B7D0254706AF001DA02F /* SceneDelegate.swift in Sources */,
			);
			runOnlyForDeploymentPostprocessing = 0;
		};
/* End PBXSourcesBuildPhase section */

/* Begin PBXVariantGroup section */
		6542B7D3254706AF001DA02F /* Main.storyboard */ = {
			isa = PBXVariantGroup;
			children = (
				6542B7D4254706AF001DA02F /* Base */,
			);
			name = Main.storyboard;
			sourceTree = "<group>";
		};
		6542B7D8254706B2001DA02F /* LaunchScreen.storyboard */ = {
			isa = PBXVariantGroup;
			children = (
				6542B7D9254706B2001DA02F /* Base */,
			);
			name = LaunchScreen.storyboard;
			sourceTree = "<group>";
		};
/* End PBXVariantGroup section */

/* Begin XCBuildConfiguration section */
		6542B7DC254706B2001DA02F /* Debug */ = {
			isa = XCBuildConfiguration;
			buildSettings = {
				ALWAYS_SEARCH_USER_PATHS = NO;
				CLANG_ANALYZER_NONNULL = YES;
				CLANG_ANALYZER_NUMBER_OBJECT_CONVERSION = YES_AGGRESSIVE;
				CLANG_CXX_LANGUAGE_STANDARD = "gnu++14";
				CLANG_CXX_LIBRARY = "libc++";
				CLANG_ENABLE_MODULES = YES;
				CLANG_ENABLE_OBJC_ARC = YES;
				CLANG_ENABLE_OBJC_WEAK = YES;
				CLANG_WARN_BLOCK_CAPTURE_AUTORELEASING = YES;
				CLANG_WARN_BOOL_CONVERSION = YES;
				CLANG_WARN_COMMA = YES;
				CLANG_WARN_CONSTANT_CONVERSION = YES;
				CLANG_WARN_DEPRECATED_OBJC_IMPLEMENTATIONS = YES;
				CLANG_WARN_DIRECT_OBJC_ISA_USAGE = YES_ERROR;
				CLANG_WARN_DOCUMENTATION_COMMENTS = YES;
				CLANG_WARN_EMPTY_BODY = YES;
				CLANG_WARN_ENUM_CONVERSION = YES;
				CLANG_WARN_INFINITE_RECURSION = YES;
				CLANG_WARN_INT_CONVERSION = YES;
				CLANG_WARN_NON_LITERAL_NULL_CONVERSION = YES;
				CLANG_WARN_OBJC_IMPLICIT_RETAIN_SELF = YES;
				CLANG_WARN_OBJC_LITERAL_CONVERSION = YES;
				CLANG_WARN_OBJC_ROOT_CLASS = YES_ERROR;
				CLANG_WARN_RANGE_LOOP_ANALYSIS = YES;
				CLANG_WARN_STRICT_PROTOTYPES = YES;
				CLANG_WARN_SUSPICIOUS_MOVE = YES;
				CLANG_WARN_UNGUARDED_AVAILABILITY = YES_AGGRESSIVE;
				CLANG_WARN_UNREACHABLE_CODE = YES;
				CLANG_WARN__DUPLICATE_METHOD_MATCH = YES;
				COPY_PHASE_STRIP = NO;
				DEBUG_INFORMATION_FORMAT = dwarf;
				ENABLE_STRICT_OBJC_MSGSEND = YES;
				ENABLE_TESTABILITY = YES;
				GCC_C_LANGUAGE_STANDARD = gnu11;
				GCC_DYNAMIC_NO_PIC = NO;
				GCC_NO_COMMON_BLOCKS = YES;
				GCC_OPTIMIZATION_LEVEL = 0;
				GCC_PREPROCESSOR_DEFINITIONS = (
					"DEBUG=1",
					"$(inherited)",
				);
				GCC_WARN_64_TO_32_BIT_CONVERSION = YES;
				GCC_WARN_ABOUT_RETURN_TYPE = YES_ERROR;
				GCC_WARN_UNDECLARED_SELECTOR = YES;
				GCC_WARN_UNINITIALIZED_AUTOS = YES_AGGRESSIVE;
				GCC_WARN_UNUSED_FUNCTION = YES;
				GCC_WARN_UNUSED_VARIABLE = YES;
				IPHONEOS_DEPLOYMENT_TARGET = 13.5;
				MTL_ENABLE_DEBUG_INFO = INCLUDE_SOURCE;
				MTL_FAST_MATH = YES;
				ONLY_ACTIVE_ARCH = YES;
				SDKROOT = iphoneos;
				SWIFT_ACTIVE_COMPILATION_CONDITIONS = DEBUG;
				SWIFT_OPTIMIZATION_LEVEL = "-Onone";
			};
			name = Debug;
		};
		6542B7DD254706B2001DA02F /* Release */ = {
			isa = XCBuildConfiguration;
			buildSettings = {
				ALWAYS_SEARCH_USER_PATHS = NO;
				CLANG_ANALYZER_NONNULL = YES;
				CLANG_ANALYZER_NUMBER_OBJECT_CONVERSION = YES_AGGRESSIVE;
				CLANG_CXX_LANGUAGE_STANDARD = "gnu++14";
				CLANG_CXX_LIBRARY = "libc++";
				CLANG_ENABLE_MODULES = YES;
				CLANG_ENABLE_OBJC_ARC = YES;
				CLANG_ENABLE_OBJC_WEAK = YES;
				CLANG_WARN_BLOCK_CAPTURE_AUTORELEASING = YES;
				CLANG_WARN_BOOL_CONVERSION = YES;
				CLANG_WARN_COMMA = YES;
				CLANG_WARN_CONSTANT_CONVERSION = YES;
				CLANG_WARN_DEPRECATED_OBJC_IMPLEMENTATIONS = YES;
				CLANG_WARN_DIRECT_OBJC_ISA_USAGE = YES_ERROR;
				CLANG_WARN_DOCUMENTATION_COMMENTS = YES;
				CLANG_WARN_EMPTY_BODY = YES;
				CLANG_WARN_ENUM_CONVERSION = YES;
				CLANG_WARN_INFINITE_RECURSION = YES;
				CLANG_WARN_INT_CONVERSION = YES;
				CLANG_WARN_NON_LITERAL_NULL_CONVERSION = YES;
				CLANG_WARN_OBJC_IMPLICIT_RETAIN_SELF = YES;
				CLANG_WARN_OBJC_LITERAL_CONVERSION = YES;
				CLANG_WARN_OBJC_ROOT_CLASS = YES_ERROR;
				CLANG_WARN_RANGE_LOOP_ANALYSIS = YES;
				CLANG_WARN_STRICT_PROTOTYPES = YES;
				CLANG_WARN_SUSPICIOUS_MOVE = YES;
				CLANG_WARN_UNGUARDED_AVAILABILITY = YES_AGGRESSIVE;
				CLANG_WARN_UNREACHABLE_CODE = YES;
				CLANG_WARN__DUPLICATE_METHOD_MATCH = YES;
				COPY_PHASE_STRIP = NO;
				DEBUG_INFORMATION_FORMAT = "dwarf-with-dsym";
				ENABLE_NS_ASSERTIONS = NO;
				ENABLE_STRICT_OBJC_MSGSEND = YES;
				GCC_C_LANGUAGE_STANDARD = gnu11;
				GCC_NO_COMMON_BLOCKS = YES;
				GCC_WARN_64_TO_32_BIT_CONVERSION = YES;
				GCC_WARN_ABOUT_RETURN_TYPE = YES_ERROR;
				GCC_WARN_UNDECLARED_SELECTOR = YES;
				GCC_WARN_UNINITIALIZED_AUTOS = YES_AGGRESSIVE;
				GCC_WARN_UNUSED_FUNCTION = YES;
				GCC_WARN_UNUSED_VARIABLE = YES;
				IPHONEOS_DEPLOYMENT_TARGET = 13.5;
				MTL_ENABLE_DEBUG_INFO = NO;
				MTL_FAST_MATH = YES;
				SDKROOT = iphoneos;
				SWIFT_COMPILATION_MODE = wholemodule;
				SWIFT_OPTIMIZATION_LEVEL = "-O";
				VALIDATE_PRODUCT = YES;
			};
			name = Release;
		};
		6542B7DF254706B2001DA02F /* Debug */ = {
			isa = XCBuildConfiguration;
			baseConfigurationReference = 130B8621DB17ECEA8D9580D0 /* Pods-Instagram.debug.xcconfig */;
			buildSettings = {
				ASSETCATALOG_COMPILER_APPICON_NAME = AppIcon;
				CODE_SIGN_STYLE = Automatic;
				DEVELOPMENT_TEAM = 8ZM24L24G9;
				INFOPLIST_FILE = Instagram/Info.plist;
				LD_RUNPATH_SEARCH_PATHS = (
					"$(inherited)",
					"@executable_path/Frameworks",
				);
				PRODUCT_BUNDLE_IDENTIFIER = jp.techacademy.kousuke.makita.Instagram;
				PRODUCT_NAME = "$(TARGET_NAME)";
				SWIFT_VERSION = 5.0;
				TARGETED_DEVICE_FAMILY = 1;
			};
			name = Debug;
		};
		6542B7E0254706B2001DA02F /* Release */ = {
			isa = XCBuildConfiguration;
			baseConfigurationReference = FBBE25AF9E1F5A22AC8CA405 /* Pods-Instagram.release.xcconfig */;
			buildSettings = {
				ASSETCATALOG_COMPILER_APPICON_NAME = AppIcon;
				CODE_SIGN_STYLE = Automatic;
				DEVELOPMENT_TEAM = 8ZM24L24G9;
				INFOPLIST_FILE = Instagram/Info.plist;
				LD_RUNPATH_SEARCH_PATHS = (
					"$(inherited)",
					"@executable_path/Frameworks",
				);
				PRODUCT_BUNDLE_IDENTIFIER = jp.techacademy.kousuke.makita.Instagram;
				PRODUCT_NAME = "$(TARGET_NAME)";
				SWIFT_VERSION = 5.0;
				TARGETED_DEVICE_FAMILY = 1;
			};
			name = Release;
		};
/* End XCBuildConfiguration section */

/* Begin XCConfigurationList section */
		6542B7C5254706AF001DA02F /* Build configuration list for PBXProject "Instagram" */ = {
			isa = XCConfigurationList;
			buildConfigurations = (
				6542B7DC254706B2001DA02F /* Debug */,
				6542B7DD254706B2001DA02F /* Release */,
			);
			defaultConfigurationIsVisible = 0;
			defaultConfigurationName = Release;
		};
		6542B7DE254706B2001DA02F /* Build configuration list for PBXNativeTarget "Instagram" */ = {
			isa = XCConfigurationList;
			buildConfigurations = (
				6542B7DF254706B2001DA02F /* Debug */,
				6542B7E0254706B2001DA02F /* Release */,
			);
			defaultConfigurationIsVisible = 0;
			defaultConfigurationName = Release;
		};
/* End XCConfigurationList section */
	};
	rootObject = 6542B7C2254706AF001DA02F /* Project object */;
}
